{
  "name": "bun-loop-skill",
  "version": "0.3.0",
  "lockfileVersion": 3,
  "requires": true,
  "packages": {
    "": {
      "name": "bun-loop-skill",
      "version": "0.3.0",
      "license": "MIT",
      "bin": {
        "bun-loop-skill": "bin/install.js"
      },
      "engines": {
        "node": ">=18.0.0"
      }
    }
  }
}
